// !$*UTF8*$!
{
	archiveVersion = 1;
	classes = {
	};
	objectVersion = 50;
	objects = {

/* Begin PBXBuildFile section */
		828B3B9A221B142B00FFC253 /* NetworkManager.swift in Sources */ = {isa = PBXBuildFile; fileRef = 828B3B99221B142B00FFC253 /* NetworkManager.swift */; };
		828B3B9C221B15C000FFC253 /* BaseRequest.swift in Sources */ = {isa = PBXBuildFile; fileRef = 828B3B9B221B15C000FFC253 /* BaseRequest.swift */; };
		828B3B9E221B280800FFC253 /* User.swift in Sources */ = {isa = PBXBuildFile; fileRef = 828B3B9D221B280800FFC253 /* User.swift */; };
		828B3BA0221B299500FFC253 /* UserRequest.swift in Sources */ = {isa = PBXBuildFile; fileRef = 828B3B9F221B299500FFC253 /* UserRequest.swift */; };
		828B3BA2221B2A4400FFC253 /* UserResponse.swift in Sources */ = {isa = PBXBuildFile; fileRef = 828B3BA1221B2A4400FFC253 /* UserResponse.swift */; };
		82BAF1D922148436002C343F /* AppDelegate.swift in Sources */ = {isa = PBXBuildFile; fileRef = 82BAF1D822148436002C343F /* AppDelegate.swift */; };
		82BAF1DE22148436002C343F /* Main.storyboard in Resources */ = {isa = PBXBuildFile; fileRef = 82BAF1DC22148436002C343F /* Main.storyboard */; };
		82BAF1E02214843B002C343F /* Assets.xcassets in Resources */ = {isa = PBXBuildFile; fileRef = 82BAF1DF2214843B002C343F /* Assets.xcassets */; };
		82BAF1E32214843B002C343F /* LaunchScreen.storyboard in Resources */ = {isa = PBXBuildFile; fileRef = 82BAF1E12214843B002C343F /* LaunchScreen.storyboard */; };
		82BAF1ED22148720002C343F /* HomePageCVC.swift in Sources */ = {isa = PBXBuildFile; fileRef = 82BAF1EC22148720002C343F /* HomePageCVC.swift */; };
		82BAF1EF22148A05002C343F /* UserInfoHeader.swift in Sources */ = {isa = PBXBuildFile; fileRef = 82BAF1EE22148A05002C343F /* UserInfoHeader.swift */; };
		82BAF1F122148DAB002C343F /* TabBarFooter.swift in Sources */ = {isa = PBXBuildFile; fileRef = 82BAF1F022148DAB002C343F /* TabBarFooter.swift */; };
		82EBECAB22252A8F00DB92CD /* Constants.swift in Sources */ = {isa = PBXBuildFile; fileRef = 82EBECAA22252A8F00DB92CD /* Constants.swift */; };
		82EBECAD22252C1100DB92CD /* BaseModel.swift in Sources */ = {isa = PBXBuildFile; fileRef = 82EBECAC22252C1100DB92CD /* BaseModel.swift */; };
		82F397482216BFC20031BBC3 /* HoverViewFlowLayout.swift in Sources */ = {isa = PBXBuildFile; fileRef = 82F397472216BFC20031BBC3 /* HoverViewFlowLayout.swift */; };
		84F6205780B08009D6D89836 /* Pods_niYuoD.framework in Frameworks */ = {isa = PBXBuildFile; fileRef = 40624A6A381F6DBA983A69F0 /* Pods_niYuoD.framework */; };
/* End PBXBuildFile section */

/* Begin PBXFileReference section */
		28FD60CEB0B29790542DDF31 /* Pods-niYuoD.release.xcconfig */ = {isa = PBXFileReference; includeInIndex = 1; lastKnownFileType = text.xcconfig; name = "Pods-niYuoD.release.xcconfig"; path = "Pods/Target Support Files/Pods-niYuoD/Pods-niYuoD.release.xcconfig"; sourceTree = "<group>"; };
		40624A6A381F6DBA983A69F0 /* Pods_niYuoD.framework */ = {isa = PBXFileReference; explicitFileType = wrapper.framework; includeInIndex = 0; path = Pods_niYuoD.framework; sourceTree = BUILT_PRODUCTS_DIR; };
		55183609D928B990F605F835 /* Pods-niYuoD.debug.xcconfig */ = {isa = PBXFileReference; includeInIndex = 1; lastKnownFileType = text.xcconfig; name = "Pods-niYuoD.debug.xcconfig"; path = "Pods/Target Support Files/Pods-niYuoD/Pods-niYuoD.debug.xcconfig"; sourceTree = "<group>"; };
		828B3B99221B142B00FFC253 /* NetworkManager.swift */ = {isa = PBXFileReference; lastKnownFileType = sourcecode.swift; path = NetworkManager.swift; sourceTree = "<group>"; };
		828B3B9B221B15C000FFC253 /* BaseRequest.swift */ = {isa = PBXFileReference; lastKnownFileType = sourcecode.swift; path = BaseRequest.swift; sourceTree = "<group>"; };
		828B3B9D221B280800FFC253 /* User.swift */ = {isa = PBXFileReference; lastKnownFileType = sourcecode.swift; path = User.swift; sourceTree = "<group>"; };
		828B3B9F221B299500FFC253 /* UserRequest.swift */ = {isa = PBXFileReference; lastKnownFileType = sourcecode.swift; path = UserRequest.swift; sourceTree = "<group>"; };
		828B3BA1221B2A4400FFC253 /* UserResponse.swift */ = {isa = PBXFileReference; lastKnownFileType = sourcecode.swift; path = UserResponse.swift; sourceTree = "<group>"; };
		82BAF1D522148436002C343F /* niYuoD.app */ = {isa = PBXFileReference; explicitFileType = wrapper.application; includeInIndex = 0; path = niYuoD.app; sourceTree = BUILT_PRODUCTS_DIR; };
		82BAF1D822148436002C343F /* AppDelegate.swift */ = {isa = PBXFileReference; lastKnownFileType = sourcecode.swift; path = AppDelegate.swift; sourceTree = "<group>"; };
		82BAF1DD22148436002C343F /* Base */ = {isa = PBXFileReference; lastKnownFileType = file.storyboard; name = Base; path = Base.lproj/Main.storyboard; sourceTree = "<group>"; };
		82BAF1DF2214843B002C343F /* Assets.xcassets */ = {isa = PBXFileReference; lastKnownFileType = folder.assetcatalog; path = Assets.xcassets; sourceTree = "<group>"; };
		82BAF1E22214843B002C343F /* Base */ = {isa = PBXFileReference; lastKnownFileType = file.storyboard; name = Base; path = Base.lproj/LaunchScreen.storyboard; sourceTree = "<group>"; };
		82BAF1E42214843B002C343F /* Info.plist */ = {isa = PBXFileReference; lastKnownFileType = text.plist.xml; path = Info.plist; sourceTree = "<group>"; };
		82BAF1EC22148720002C343F /* HomePageCVC.swift */ = {isa = PBXFileReference; lastKnownFileType = sourcecode.swift; path = HomePageCVC.swift; sourceTree = "<group>"; };
		82BAF1EE22148A05002C343F /* UserInfoHeader.swift */ = {isa = PBXFileReference; lastKnownFileType = sourcecode.swift; path = UserInfoHeader.swift; sourceTree = "<group>"; };
		82BAF1F022148DAB002C343F /* TabBarFooter.swift */ = {isa = PBXFileReference; lastKnownFileType = sourcecode.swift; path = TabBarFooter.swift; sourceTree = "<group>"; };
		82EBECAA22252A8F00DB92CD /* Constants.swift */ = {isa = PBXFileReference; lastKnownFileType = sourcecode.swift; path = Constants.swift; sourceTree = "<group>"; };
		82EBECAC22252C1100DB92CD /* BaseModel.swift */ = {isa = PBXFileReference; lastKnownFileType = sourcecode.swift; path = BaseModel.swift; sourceTree = "<group>"; };
		82F397472216BFC20031BBC3 /* HoverViewFlowLayout.swift */ = {isa = PBXFileReference; lastKnownFileType = sourcecode.swift; path = HoverViewFlowLayout.swift; sourceTree = "<group>"; };
/* End PBXFileReference section */

/* Begin PBXFrameworksBuildPhase section */
		82BAF1D222148436002C343F /* Frameworks */ = {
			isa = PBXFrameworksBuildPhase;
			buildActionMask = 2147483647;
			files = (
				84F6205780B08009D6D89836 /* Pods_niYuoD.framework in Frameworks */,
			);
			runOnlyForDeploymentPostprocessing = 0;
		};
/* End PBXFrameworksBuildPhase section */

/* Begin PBXGroup section */
		82BAF1CC22148436002C343F = {
			isa = PBXGroup;
			children = (
				82BAF1D722148436002C343F /* niYuoD */,
				82BAF1D622148436002C343F /* Products */,
				DE01388BA83513F4756D52E8 /* Pods */,
				C48DA65EFE94578BB8F12E56 /* Frameworks */,
			);
			sourceTree = "<group>";
		};
		82BAF1D622148436002C343F /* Products */ = {
			isa = PBXGroup;
			children = (
				82BAF1D522148436002C343F /* niYuoD.app */,
			);
			name = Products;
			sourceTree = "<group>";
		};
		82BAF1D722148436002C343F /* niYuoD */ = {
			isa = PBXGroup;
			children = (
				82EBECAE22252F7600DB92CD /* Controller */,
				82EBECAF22252FBE00DB92CD /* Model */,
				82EBECA9222529F500DB92CD /* Network */,
				82BAF1D822148436002C343F /* AppDelegate.swift */,
				82BAF1DC22148436002C343F /* Main.storyboard */,
				82BAF1DF2214843B002C343F /* Assets.xcassets */,
				82BAF1E12214843B002C343F /* LaunchScreen.storyboard */,
				82BAF1E42214843B002C343F /* Info.plist */,
			);
			path = niYuoD;
			sourceTree = "<group>";
		};
		82EBECA9222529F500DB92CD /* Network */ = {
			isa = PBXGroup;
			children = (
				828B3B99221B142B00FFC253 /* NetworkManager.swift */,
				828B3B9B221B15C000FFC253 /* BaseRequest.swift */,
				828B3B9F221B299500FFC253 /* UserRequest.swift */,
				828B3BA1221B2A4400FFC253 /* UserResponse.swift */,
			);
			path = Network;
			sourceTree = "<group>";
		};
		82EBECAE22252F7600DB92CD /* Controller */ = {
			isa = PBXGroup;
			children = (
				82BAF1EC22148720002C343F /* HomePageCVC.swift */,
				82BAF1EE22148A05002C343F /* UserInfoHeader.swift */,
				82BAF1F022148DAB002C343F /* TabBarFooter.swift */,
				82F397472216BFC20031BBC3 /* HoverViewFlowLayout.swift */,
			);
			path = Controller;
			sourceTree = "<group>";
		};
		82EBECAF22252FBE00DB92CD /* Model */ = {
			isa = PBXGroup;
			children = (
				828B3B9D221B280800FFC253 /* User.swift */,
				82EBECAA22252A8F00DB92CD /* Constants.swift */,
				82EBECAC22252C1100DB92CD /* BaseModel.swift */,
			);
			path = Model;
			sourceTree = "<group>";
		};
		C48DA65EFE94578BB8F12E56 /* Frameworks */ = {
			isa = PBXGroup;
			children = (
				40624A6A381F6DBA983A69F0 /* Pods_niYuoD.framework */,
			);
			name = Frameworks;
			sourceTree = "<group>";
		};
		DE01388BA83513F4756D52E8 /* Pods */ = {
			isa = PBXGroup;
			children = (
				55183609D928B990F605F835 /* Pods-niYuoD.debug.xcconfig */,
				28FD60CEB0B29790542DDF31 /* Pods-niYuoD.release.xcconfig */,
			);
			name = Pods;
			sourceTree = "<group>";
		};
/* End PBXGroup section */

/* Begin PBXNativeTarget section */
		82BAF1D422148436002C343F /* niYuoD */ = {
			isa = PBXNativeTarget;
			buildConfigurationList = 82BAF1E72214843B002C343F /* Build configuration list for PBXNativeTarget "niYuoD" */;
			buildPhases = (
				3C771569ED0320AADD3649E9 /* [CP] Check Pods Manifest.lock */,
				82BAF1D122148436002C343F /* Sources */,
				82BAF1D222148436002C343F /* Frameworks */,
				82BAF1D322148436002C343F /* Resources */,
				BB7ED43E9C7A602067543994 /* [CP] Embed Pods Frameworks */,
			);
			buildRules = (
			);
			dependencies = (
			);
			name = niYuoD;
			productName = niYuoD;
			productReference = 82BAF1D522148436002C343F /* niYuoD.app */;
			productType = "com.apple.product-type.application";
		};
/* End PBXNativeTarget section */

/* Begin PBXProject section */
		82BAF1CD22148436002C343F /* Project object */ = {
			isa = PBXProject;
			attributes = {
				LastSwiftUpdateCheck = 1010;
				LastUpgradeCheck = 1010;
				ORGANIZATIONNAME = ZeroXsLab;
				TargetAttributes = {
					82BAF1D422148436002C343F = {
						CreatedOnToolsVersion = 10.1;
					};
				};
			};
			buildConfigurationList = 82BAF1D022148436002C343F /* Build configuration list for PBXProject "niYuoD" */;
			compatibilityVersion = "Xcode 9.3";
			developmentRegion = en;
			hasScannedForEncodings = 0;
			knownRegions = (
				en,
				Base,
			);
			mainGroup = 82BAF1CC22148436002C343F;
			productRefGroup = 82BAF1D622148436002C343F /* Products */;
			projectDirPath = "";
			projectRoot = "";
			targets = (
				82BAF1D422148436002C343F /* niYuoD */,
			);
		};
/* End PBXProject section */

/* Begin PBXResourcesBuildPhase section */
		82BAF1D322148436002C343F /* Resources */ = {
			isa = PBXResourcesBuildPhase;
			buildActionMask = 2147483647;
			files = (
				82BAF1E32214843B002C343F /* LaunchScreen.storyboard in Resources */,
				82BAF1E02214843B002C343F /* Assets.xcassets in Resources */,
				82BAF1DE22148436002C343F /* Main.storyboard in Resources */,
			);
			runOnlyForDeploymentPostprocessing = 0;
		};
/* End PBXResourcesBuildPhase section */

/* Begin PBXShellScriptBuildPhase section */
		3C771569ED0320AADD3649E9 /* [CP] Check Pods Manifest.lock */ = {
			isa = PBXShellScriptBuildPhase;
			buildActionMask = 2147483647;
			files = (
			);
			inputFileListPaths = (
			);
			inputPaths = (
				"${PODS_PODFILE_DIR_PATH}/Podfile.lock",
				"${PODS_ROOT}/Manifest.lock",
			);
			name = "[CP] Check Pods Manifest.lock";
			outputFileListPaths = (
			);
			outputPaths = (
				"$(DERIVED_FILE_DIR)/Pods-niYuoD-checkManifestLockResult.txt",
			);
			runOnlyForDeploymentPostprocessing = 0;
			shellPath = /bin/sh;
			shellScript = "diff \"${PODS_PODFILE_DIR_PATH}/Podfile.lock\" \"${PODS_ROOT}/Manifest.lock\" > /dev/null\nif [ $? != 0 ] ; then\n    # print error to STDERR\n    echo \"error: The sandbox is not in sync with the Podfile.lock. Run 'pod install' or update your CocoaPods installation.\" >&2\n    exit 1\nfi\n# This output is used by Xcode 'outputs' to avoid re-running this script phase.\necho \"SUCCESS\" > \"${SCRIPT_OUTPUT_FILE_0}\"\n";
			showEnvVarsInLog = 0;
		};
		BB7ED43E9C7A602067543994 /* [CP] Embed Pods Frameworks */ = {
			isa = PBXShellScriptBuildPhase;
			buildActionMask = 2147483647;
			files = (
			);
			inputFileListPaths = (
			);
			inputPaths = (
				"${SRCROOT}/Pods/Target Support Files/Pods-niYuoD/Pods-niYuoD-frameworks.sh",
				"${BUILT_PRODUCTS_DIR}/Alamofire/Alamofire.framework",
				"${BUILT_PRODUCTS_DIR}/HandyJSON/HandyJSON.framework",
			);
			name = "[CP] Embed Pods Frameworks";
			outputFileListPaths = (
			);
			outputPaths = (
				"${TARGET_BUILD_DIR}/${FRAMEWORKS_FOLDER_PATH}/Alamofire.framework",
				"${TARGET_BUILD_DIR}/${FRAMEWORKS_FOLDER_PATH}/HandyJSON.framework",
			);
			runOnlyForDeploymentPostprocessing = 0;
			shellPath = /bin/sh;
			shellScript = "\"${SRCROOT}/Pods/Target Support Files/Pods-niYuoD/Pods-niYuoD-frameworks.sh\"\n";
			showEnvVarsInLog = 0;
		};
/* End PBXShellScriptBuildPhase section */

/* Begin PBXSourcesBuildPhase section */
		82BAF1D122148436002C343F /* Sources */ = {
			isa = PBXSourcesBuildPhase;
			buildActionMask = 2147483647;
			files = (
				828B3B9A221B142B00FFC253 /* NetworkManager.swift in Sources */,
				82EBECAB22252A8F00DB92CD /* Constants.swift in Sources */,
				82BAF1F122148DAB002C343F /* TabBarFooter.swift in Sources */,
				828B3BA0221B299500FFC253 /* UserRequest.swift in Sources */,
				82BAF1ED22148720002C343F /* HomePageCVC.swift in Sources */,
				828B3B9C221B15C000FFC253 /* BaseRequest.swift in Sources */,
				82EBECAD22252C1100DB92CD /* BaseModel.swift in Sources */,
				828B3BA2221B2A4400FFC253 /* UserResponse.swift in Sources */,
				828B3B9E221B280800FFC253 /* User.swift in Sources */,
				82BAF1EF22148A05002C343F /* UserInfoHeader.swift in Sources */,
				82BAF1D922148436002C343F /* AppDelegate.swift in Sources */,
				82F397482216BFC20031BBC3 /* HoverViewFlowLayout.swift in Sources */,
			);
			runOnlyForDeploymentPostprocessing = 0;
		};
/* End PBXSourcesBuildPhase section */

/* Begin PBXVariantGroup section */
		82BAF1DC22148436002C343F /* Main.storyboard */ = {
			isa = PBXVariantGroup;
			children = (
				82BAF1DD22148436002C343F /* Base */,
			);
			name = Main.storyboard;
			sourceTree = "<group>";
		};
		82BAF1E12214843B002C343F /* LaunchScreen.storyboard */ = {
			isa = PBXVariantGroup;
			children = (
				82BAF1E22214843B002C343F /* Base */,
			);
			name = LaunchScreen.storyboard;
			sourceTree = "<group>";
		};
/* End PBXVariantGroup section */

/* Begin XCBuildConfiguration section */
		82BAF1E52214843B002C343F /* Debug */ = {
			isa = XCBuildConfiguration;
			buildSettings = {
				ALWAYS_SEARCH_USER_PATHS = NO;
				CLANG_ANALYZER_NONNULL = YES;
				CLANG_ANALYZER_NUMBER_OBJECT_CONVERSION = YES_AGGRESSIVE;
				CLANG_CXX_LANGUAGE_STANDARD = "gnu++14";
				CLANG_CXX_LIBRARY = "libc++";
				CLANG_ENABLE_MODULES = YES;
				CLANG_ENABLE_OBJC_ARC = YES;
				CLANG_ENABLE_OBJC_WEAK = YES;
				CLANG_WARN_BLOCK_CAPTURE_AUTORELEASING = YES;
				CLANG_WARN_BOOL_CONVERSION = YES;
				CLANG_WARN_COMMA = YES;
				CLANG_WARN_CONSTANT_CONVERSION = YES;
				CLANG_WARN_DEPRECATED_OBJC_IMPLEMENTATIONS = YES;
				CLANG_WARN_DIRECT_OBJC_ISA_USAGE = YES_ERROR;
				CLANG_WARN_DOCUMENTATION_COMMENTS = YES;
				CLANG_WARN_EMPTY_BODY = YES;
				CLANG_WARN_ENUM_CONVERSION = YES;
				CLANG_WARN_INFINITE_RECURSION = YES;
				CLANG_WARN_INT_CONVERSION = YES;
				CLANG_WARN_NON_LITERAL_NULL_CONVERSION = YES;
				CLANG_WARN_OBJC_IMPLICIT_RETAIN_SELF = YES;
				CLANG_WARN_OBJC_LITERAL_CONVERSION = YES;
				CLANG_WARN_OBJC_ROOT_CLASS = YES_ERROR;
				CLANG_WARN_RANGE_LOOP_ANALYSIS = YES;
				CLANG_WARN_STRICT_PROTOTYPES = YES;
				CLANG_WARN_SUSPICIOUS_MOVE = YES;
				CLANG_WARN_UNGUARDED_AVAILABILITY = YES_AGGRESSIVE;
				CLANG_WARN_UNREACHABLE_CODE = YES;
				CLANG_WARN__DUPLICATE_METHOD_MATCH = YES;
				CODE_SIGN_IDENTITY = "iPhone Developer";
				COPY_PHASE_STRIP = NO;
				DEBUG_INFORMATION_FORMAT = dwarf;
				ENABLE_STRICT_OBJC_MSGSEND = YES;
				ENABLE_TESTABILITY = YES;
				GCC_C_LANGUAGE_STANDARD = gnu11;
				GCC_DYNAMIC_NO_PIC = NO;
				GCC_NO_COMMON_BLOCKS = YES;
				GCC_OPTIMIZATION_LEVEL = 0;
				GCC_PREPROCESSOR_DEFINITIONS = (
					"DEBUG=1",
					"$(inherited)",
				);
				GCC_WARN_64_TO_32_BIT_CONVERSION = YES;
				GCC_WARN_ABOUT_RETURN_TYPE = YES_ERROR;
				GCC_WARN_UNDECLARED_SELECTOR = YES;
				GCC_WARN_UNINITIALIZED_AUTOS = YES_AGGRESSIVE;
				GCC_WARN_UNUSED_FUNCTION = YES;
				GCC_WARN_UNUSED_VARIABLE = YES;
				IPHONEOS_DEPLOYMENT_TARGET = 12.1;
				MTL_ENABLE_DEBUG_INFO = INCLUDE_SOURCE;
				MTL_FAST_MATH = YES;
				ONLY_ACTIVE_ARCH = YES;
				SDKROOT = iphoneos;
				SWIFT_ACTIVE_COMPILATION_CONDITIONS = DEBUG;
				SWIFT_OPTIMIZATION_LEVEL = "-Onone";
			};
			name = Debug;
		};
		82BAF1E62214843B002C343F /* Release */ = {
			isa = XCBuildConfiguration;
			buildSettings = {
				ALWAYS_SEARCH_USER_PATHS = NO;
				CLANG_ANALYZER_NONNULL = YES;
				CLANG_ANALYZER_NUMBER_OBJECT_CONVERSION = YES_AGGRESSIVE;
				CLANG_CXX_LANGUAGE_STANDARD = "gnu++14";
				CLANG_CXX_LIBRARY = "libc++";
				CLANG_ENABLE_MODULES = YES;
				CLANG_ENABLE_OBJC_ARC = YES;
				CLANG_ENABLE_OBJC_WEAK = YES;
				CLANG_WARN_BLOCK_CAPTURE_AUTORELEASING = YES;
				CLANG_WARN_BOOL_CONVERSION = YES;
				CLANG_WARN_COMMA = YES;
				CLANG_WARN_CONSTANT_CONVERSION = YES;
				CLANG_WARN_DEPRECATED_OBJC_IMPLEMENTATIONS = YES;
				CLANG_WARN_DIRECT_OBJC_ISA_USAGE = YES_ERROR;
				CLANG_WARN_DOCUMENTATION_COMMENTS = YES;
				CLANG_WARN_EMPTY_BODY = YES;
				CLANG_WARN_ENUM_CONVERSION = YES;
				CLANG_WARN_INFINITE_RECURSION = YES;
				CLANG_WARN_INT_CONVERSION = YES;
				CLANG_WARN_NON_LITERAL_NULL_CONVERSION = YES;
				CLANG_WARN_OBJC_IMPLICIT_RETAIN_SELF = YES;
				CLANG_WARN_OBJC_LITERAL_CONVERSION = YES;
				CLANG_WARN_OBJC_ROOT_CLASS = YES_ERROR;
				CLANG_WARN_RANGE_LOOP_ANALYSIS = YES;
				CLANG_WARN_STRICT_PROTOTYPES = YES;
				CLANG_WARN_SUSPICIOUS_MOVE = YES;
				CLANG_WARN_UNGUARDED_AVAILABILITY = YES_AGGRESSIVE;
				CLANG_WARN_UNREACHABLE_CODE = YES;
				CLANG_WARN__DUPLICATE_METHOD_MATCH = YES;
				CODE_SIGN_IDENTITY = "iPhone Developer";
				COPY_PHASE_STRIP = NO;
				DEBUG_INFORMATION_FORMAT = "dwarf-with-dsym";
				ENABLE_NS_ASSERTIONS = NO;
				ENABLE_STRICT_OBJC_MSGSEND = YES;
				GCC_C_LANGUAGE_STANDARD = gnu11;
				GCC_NO_COMMON_BLOCKS = YES;
				GCC_WARN_64_TO_32_BIT_CONVERSION = YES;
				GCC_WARN_ABOUT_RETURN_TYPE = YES_ERROR;
				GCC_WARN_UNDECLARED_SELECTOR = YES;
				GCC_WARN_UNINITIALIZED_AUTOS = YES_AGGRESSIVE;
				GCC_WARN_UNUSED_FUNCTION = YES;
				GCC_WARN_UNUSED_VARIABLE = YES;
				IPHONEOS_DEPLOYMENT_TARGET = 12.1;
				MTL_ENABLE_DEBUG_INFO = NO;
				MTL_FAST_MATH = YES;
				SDKROOT = iphoneos;
				SWIFT_COMPILATION_MODE = wholemodule;
				SWIFT_OPTIMIZATION_LEVEL = "-O";
				VALIDATE_PRODUCT = YES;
			};
			name = Release;
		};
		82BAF1E82214843B002C343F /* Debug */ = {
			isa = XCBuildConfiguration;
			baseConfigurationReference = 55183609D928B990F605F835 /* Pods-niYuoD.debug.xcconfig */;
			buildSettings = {
				ASSETCATALOG_COMPILER_APPICON_NAME = AppIcon;
				CODE_SIGN_STYLE = Automatic;
				DEVELOPMENT_TEAM = G8P3K2KZY2;
				INFOPLIST_FILE = niYuoD/Info.plist;
				LD_RUNPATH_SEARCH_PATHS = (
					"$(inherited)",
					"@executable_path/Frameworks",
				);
				PRODUCT_BUNDLE_IDENTIFIER = com.zeroxslab.niYuoD;
				PRODUCT_NAME = "$(TARGET_NAME)";
				SWIFT_VERSION = 4.2;
				TARGETED_DEVICE_FAMILY = "1,2";
			};
			name = Debug;
		};
		82BAF1E92214843B002C343F /* Release */ = {
			isa = XCBuildConfiguration;
			baseConfigurationReference = 28FD60CEB0B29790542DDF31 /* Pods-niYuoD.release.xcconfig */;
			buildSettings = {
				ASSETCATALOG_COMPILER_APPICON_NAME = AppIcon;
				CODE_SIGN_STYLE = Automatic;
				DEVELOPMENT_TEAM = G8P3K2KZY2;
				INFOPLIST_FILE = niYuoD/Info.plist;
				LD_RUNPATH_SEARCH_PATHS = (
					"$(inherited)",
					"@executable_path/Frameworks",
				);
				PRODUCT_BUNDLE_IDENTIFIER = com.zeroxslab.niYuoD;
				PRODUCT_NAME = "$(TARGET_NAME)";
				SWIFT_VERSION = 4.2;
				TARGETED_DEVICE_FAMILY = "1,2";
			};
			name = Release;
		};
/* End XCBuildConfiguration section */

/* Begin XCConfigurationList section */
		82BAF1D022148436002C343F /* Build configuration list for PBXProject "niYuoD" */ = {
			isa = XCConfigurationList;
			buildConfigurations = (
				82BAF1E52214843B002C343F /* Debug */,
				82BAF1E62214843B002C343F /* Release */,
			);
			defaultConfigurationIsVisible = 0;
			defaultConfigurationName = Release;
		};
		82BAF1E72214843B002C343F /* Build configuration list for PBXNativeTarget "niYuoD" */ = {
			isa = XCConfigurationList;
			buildConfigurations = (
				82BAF1E82214843B002C343F /* Debug */,
				82BAF1E92214843B002C343F /* Release */,
			);
			defaultConfigurationIsVisible = 0;
			defaultConfigurationName = Release;
		};
/* End XCConfigurationList section */
	};
	rootObject = 82BAF1CD22148436002C343F /* Project object */;
}
